# This file was autogenerated by Stack.
# You should not edit this file by hand.
# For more information, please see the documentation at:
#   https://docs.haskellstack.org/en/stable/topics/lock_files

packages:
- completed:
    hackage: threepenny-gui-0.9.4.0@sha256:5bb149a773a573b64b5f4d3c392aba45fee033eb714987e1baeeb361c74fd687,9900
    pantry-tree:
      sha256: 439c9105c0d29a8eb993140300d2f1bd5384fb01a8c35bfb0aa8e52a23291bf8
      size: 4283
  original:
    hackage: threepenny-gui-0.9.4.0
- completed:
    hackage: snap-server-1.1.2.1@sha256:3ed4373b3bc4a0f2d59752557dfa0f4caf1a198322451350b7cf6ae757b7eb42,15464
    pantry-tree:
      sha256: d354b1c02cc178fb404819db685ae931cb9a8437777bf9f7118858ef5ada4264
      size: 3313
  original:
    hackage: snap-server-1.1.2.1@sha256:3ed4373b3bc4a0f2d59752557dfa0f4caf1a198322451350b7cf6ae757b7eb42,15464
- completed:
    hackage: websockets-snap-0.10.3.1@sha256:5509135788e095b585737e524a832f668a5356f3088f658800e0ff94e918afbd,1042
    pantry-tree:
      sha256: d4ba60fec574faf4564c9b3bc7fdd0e88f01e0e40d3ee1bbcc265daa3995ecbd
      size: 331
  original:
    hackage: websockets-snap-0.10.3.1@sha256:5509135788e095b585737e524a832f668a5356f3088f658800e0ff94e918afbd,1042
snapshots:
- completed:
    sha256: a81fb3877c4f9031e1325eb3935122e608d80715dc16b586eb11ddbff8671ecd
    size: 640086
    url: https://raw.githubusercontent.com/commercialhaskell/stackage-snapshots/master/lts/21/25.yaml
  original:
    url: https://raw.githubusercontent.com/commercialhaskell/stackage-snapshots/master/lts/21/25.yaml
